
Microsoft Visual Studio Solution File, Format Version 12.00
# Visual Studio 15
VisualStudioVersion = 15.0.26730.10
MinimumVisualStudioVersion = 10.0.40219.1
Project("{2150E333-8FDC-42A3-9474-1A3956D46DE8}") = "Storage", "Storage", "{BFD070AF-E879-42C1-B4E4-75BCD2C6A08D}"
EndProject
Project("{FAE04EC0-301F-11D3-BF4B-00C04F79EFBC}") = "SHWDTech.IOT.Storage.Convention", "SHWDTech.Storage.Convention\SHWDTech.IOT.Storage.Convention.csproj", "{E518EA32-2AB5-4561-B98E-058B42AF75F7}"
EndProject
Project("{FAE04EC0-301F-11D3-BF4B-00C04F79EFBC}") = "SHWDTech.IOT.Storage.Communication", "SHWDTech.IOT.Storage.Protocol\SHWDTech.IOT.Storage.Communication.csproj", "{FA84379B-DDA9-4AB2-A2E8-AD500B9D3163}"
EndProject
Project("{2150E333-8FDC-42A3-9474-1A3956D46DE8}") = "Service", "Service", "{E296BEB0-E771-42CF-8195-5E33F62B8A6F}"
EndProject
Project("{FAE04EC0-301F-11D3-BF4B-00C04F79EFBC}") = "ProtocolCommunicationService", "ProtocolCommunicationService\ProtocolCommunicationService.csproj", "{16B2ECA9-1838-4A87-884F-21C77597D6E7}"
EndProject
Project("{2150E333-8FDC-42A3-9474-1A3956D46DE8}") = "WebApi", "WebApi", "{B5EE5B8E-A389-4068-B640-B2775998A6AD}"
EndProject
Project("{FAE04EC0-301F-11D3-BF4B-00C04F79EFBC}") = "SHWDTech.IOT.CharingPileApi", "SHWDTech.IOT.CharingPileApi\SHWDTech.IOT.CharingPileApi.csproj", "{6695239D-D688-45CD-9A5C-B0035DAC6FED}"
EndProject
Project("{FAE04EC0-301F-11D3-BF4B-00C04F79EFBC}") = "WebApiTestConsole", "WebApiTestConsole\WebApiTestConsole.csproj", "{425DF923-BEE8-49AA-A1A2-FBCD13A1C8CE}"
EndProject
Project("{FAE04EC0-301F-11D3-BF4B-00C04F79EFBC}") = "AuthorizationServer.Api", "AuthorizationServer.Api\AuthorizationServer.Api.csproj", "{88441638-0A44-44B4-BF75-25D7242B0FFD}"
EndProject
Project("{FAE04EC0-301F-11D3-BF4B-00C04F79EFBC}") = "SHWDTech.IOT.Storage.Authorization", "SHWDTech.IOT.Storage.Authorization\SHWDTech.IOT.Storage.Authorization.csproj", "{C710C7CC-D617-4262-A38A-3A023A961C3D}"
EndProject
Project("{2150E333-8FDC-42A3-9474-1A3956D46DE8}") = "Component", "Component", "{1C2A7F24-7A76-4EE5-8559-46FD121F2658}"
EndProject
Project("{FAE04EC0-301F-11D3-BF4B-00C04F79EFBC}") = "WebServerComponent", "WebServerComponent\WebServerComponent.csproj", "{86802967-2BEE-419D-A921-2420CF24F475}"
EndProject
Project("{FAE04EC0-301F-11D3-BF4B-00C04F79EFBC}") = "SHWDTech.IOT.Storage.ChargingPile", "SHWDTech.IOT.Storage.ChargingPile\SHWDTech.IOT.Storage.ChargingPile.csproj", "{E694BAEF-7D54-49C3-B1CE-28E429DDB1F9}"
EndProject
Project("{FAE04EC0-301F-11D3-BF4B-00C04F79EFBC}") = "BasicUtility", "BasicUtility\BasicUtility.csproj", "{B6267136-A0D1-49C8-A0EA-1D7CF8B424F3}"
EndProject
Project("{2150E333-8FDC-42A3-9474-1A3956D46DE8}") = "BusinessHandler", "BusinessHandler", "{C2429C59-5FBF-4001-924C-C4C86A398EC1}"
EndProject
Project("{FAE04EC0-301F-11D3-BF4B-00C04F79EFBC}") = "ChargingPileBusiness", "ChargingPileBusinessHandler\ChargingPileBusiness.csproj", "{B0CFEB7F-B831-481F-BFCB-C3CE275E78A1}"
EndProject
Project("{2150E333-8FDC-42A3-9474-1A3956D46DE8}") = "Business", "Business", "{222253A0-57CD-4778-B5DA-2ECF1202CE6B}"
EndProject
Project("{2150E333-8FDC-42A3-9474-1A3956D46DE8}") = "ProtocolEncoder", "ProtocolEncoder", "{0F55DDBD-4112-4CC0-BEF5-2485933E6EFD}"
EndProject
Global
	GlobalSection(SolutionConfigurationPlatforms) = preSolution
		Debug|Any CPU = Debug|Any CPU
		Release|Any CPU = Release|Any CPU
	EndGlobalSection
	GlobalSection(ProjectConfigurationPlatforms) = postSolution
		{E518EA32-2AB5-4561-B98E-058B42AF75F7}.Debug|Any CPU.ActiveCfg = Debug|Any CPU
		{E518EA32-2AB5-4561-B98E-058B42AF75F7}.Debug|Any CPU.Build.0 = Debug|Any CPU
		{E518EA32-2AB5-4561-B98E-058B42AF75F7}.Release|Any CPU.ActiveCfg = Release|Any CPU
		{E518EA32-2AB5-4561-B98E-058B42AF75F7}.Release|Any CPU.Build.0 = Release|Any CPU
		{FA84379B-DDA9-4AB2-A2E8-AD500B9D3163}.Debug|Any CPU.ActiveCfg = Debug|Any CPU
		{FA84379B-DDA9-4AB2-A2E8-AD500B9D3163}.Debug|Any CPU.Build.0 = Debug|Any CPU
		{FA84379B-DDA9-4AB2-A2E8-AD500B9D3163}.Release|Any CPU.ActiveCfg = Release|Any CPU
		{FA84379B-DDA9-4AB2-A2E8-AD500B9D3163}.Release|Any CPU.Build.0 = Release|Any CPU
		{16B2ECA9-1838-4A87-884F-21C77597D6E7}.Debug|Any CPU.ActiveCfg = Debug|Any CPU
		{16B2ECA9-1838-4A87-884F-21C77597D6E7}.Debug|Any CPU.Build.0 = Debug|Any CPU
		{16B2ECA9-1838-4A87-884F-21C77597D6E7}.Release|Any CPU.ActiveCfg = Release|Any CPU
		{16B2ECA9-1838-4A87-884F-21C77597D6E7}.Release|Any CPU.Build.0 = Release|Any CPU
		{6695239D-D688-45CD-9A5C-B0035DAC6FED}.Debug|Any CPU.ActiveCfg = Debug|Any CPU
		{6695239D-D688-45CD-9A5C-B0035DAC6FED}.Debug|Any CPU.Build.0 = Debug|Any CPU
		{6695239D-D688-45CD-9A5C-B0035DAC6FED}.Release|Any CPU.ActiveCfg = Release|Any CPU
		{6695239D-D688-45CD-9A5C-B0035DAC6FED}.Release|Any CPU.Build.0 = Release|Any CPU
		{425DF923-BEE8-49AA-A1A2-FBCD13A1C8CE}.Debug|Any CPU.ActiveCfg = Debug|Any CPU
		{425DF923-BEE8-49AA-A1A2-FBCD13A1C8CE}.Debug|Any CPU.Build.0 = Debug|Any CPU
		{425DF923-BEE8-49AA-A1A2-FBCD13A1C8CE}.Release|Any CPU.ActiveCfg = Release|Any CPU
		{425DF923-BEE8-49AA-A1A2-FBCD13A1C8CE}.Release|Any CPU.Build.0 = Release|Any CPU
		{88441638-0A44-44B4-BF75-25D7242B0FFD}.Debug|Any CPU.ActiveCfg = Debug|Any CPU
		{88441638-0A44-44B4-BF75-25D7242B0FFD}.Debug|Any CPU.Build.0 = Debug|Any CPU
		{88441638-0A44-44B4-BF75-25D7242B0FFD}.Release|Any CPU.ActiveCfg = Release|Any CPU
		{88441638-0A44-44B4-BF75-25D7242B0FFD}.Release|Any CPU.Build.0 = Release|Any CPU
		{C710C7CC-D617-4262-A38A-3A023A961C3D}.Debug|Any CPU.ActiveCfg = Debug|Any CPU
		{C710C7CC-D617-4262-A38A-3A023A961C3D}.Debug|Any CPU.Build.0 = Debug|Any CPU
		{C710C7CC-D617-4262-A38A-3A023A961C3D}.Release|Any CPU.ActiveCfg = Release|Any CPU
		{C710C7CC-D617-4262-A38A-3A023A961C3D}.Release|Any CPU.Build.0 = Release|Any CPU
		{86802967-2BEE-419D-A921-2420CF24F475}.Debug|Any CPU.ActiveCfg = Debug|Any CPU
		{86802967-2BEE-419D-A921-2420CF24F475}.Debug|Any CPU.Build.0 = Debug|Any CPU
		{86802967-2BEE-419D-A921-2420CF24F475}.Release|Any CPU.ActiveCfg = Release|Any CPU
		{86802967-2BEE-419D-A921-2420CF24F475}.Release|Any CPU.Build.0 = Release|Any CPU
		{E694BAEF-7D54-49C3-B1CE-28E429DDB1F9}.Debug|Any CPU.ActiveCfg = Debug|Any CPU
		{E694BAEF-7D54-49C3-B1CE-28E429DDB1F9}.Debug|Any CPU.Build.0 = Debug|Any CPU
		{E694BAEF-7D54-49C3-B1CE-28E429DDB1F9}.Release|Any CPU.ActiveCfg = Release|Any CPU
		{E694BAEF-7D54-49C3-B1CE-28E429DDB1F9}.Release|Any CPU.Build.0 = Release|Any CPU
		{B6267136-A0D1-49C8-A0EA-1D7CF8B424F3}.Debug|Any CPU.ActiveCfg = Debug|Any CPU
		{B6267136-A0D1-49C8-A0EA-1D7CF8B424F3}.Debug|Any CPU.Build.0 = Debug|Any CPU
		{B6267136-A0D1-49C8-A0EA-1D7CF8B424F3}.Release|Any CPU.ActiveCfg = Release|Any CPU
		{B6267136-A0D1-49C8-A0EA-1D7CF8B424F3}.Release|Any CPU.Build.0 = Release|Any CPU
		{B0CFEB7F-B831-481F-BFCB-C3CE275E78A1}.Debug|Any CPU.ActiveCfg = Debug|Any CPU
		{B0CFEB7F-B831-481F-BFCB-C3CE275E78A1}.Debug|Any CPU.Build.0 = Debug|Any CPU
		{B0CFEB7F-B831-481F-BFCB-C3CE275E78A1}.Release|Any CPU.ActiveCfg = Release|Any CPU
		{B0CFEB7F-B831-481F-BFCB-C3CE275E78A1}.Release|Any CPU.Build.0 = Release|Any CPU
	EndGlobalSection
	GlobalSection(SolutionProperties) = preSolution
		HideSolutionNode = FALSE
	EndGlobalSection
	GlobalSection(NestedProjects) = preSolution
		{E518EA32-2AB5-4561-B98E-058B42AF75F7} = {BFD070AF-E879-42C1-B4E4-75BCD2C6A08D}
		{FA84379B-DDA9-4AB2-A2E8-AD500B9D3163} = {BFD070AF-E879-42C1-B4E4-75BCD2C6A08D}
		{16B2ECA9-1838-4A87-884F-21C77597D6E7} = {E296BEB0-E771-42CF-8195-5E33F62B8A6F}
		{6695239D-D688-45CD-9A5C-B0035DAC6FED} = {B5EE5B8E-A389-4068-B640-B2775998A6AD}
		{88441638-0A44-44B4-BF75-25D7242B0FFD} = {E296BEB0-E771-42CF-8195-5E33F62B8A6F}
		{C710C7CC-D617-4262-A38A-3A023A961C3D} = {BFD070AF-E879-42C1-B4E4-75BCD2C6A08D}
		{86802967-2BEE-419D-A921-2420CF24F475} = {1C2A7F24-7A76-4EE5-8559-46FD121F2658}
		{E694BAEF-7D54-49C3-B1CE-28E429DDB1F9} = {BFD070AF-E879-42C1-B4E4-75BCD2C6A08D}
		{B6267136-A0D1-49C8-A0EA-1D7CF8B424F3} = {1C2A7F24-7A76-4EE5-8559-46FD121F2658}
		{C2429C59-5FBF-4001-924C-C4C86A398EC1} = {E296BEB0-E771-42CF-8195-5E33F62B8A6F}
		{B0CFEB7F-B831-481F-BFCB-C3CE275E78A1} = {C2429C59-5FBF-4001-924C-C4C86A398EC1}
		{0F55DDBD-4112-4CC0-BEF5-2485933E6EFD} = {E296BEB0-E771-42CF-8195-5E33F62B8A6F}
	EndGlobalSection
	GlobalSection(ExtensibilityGlobals) = postSolution
		SolutionGuid = {308BC5F6-09E7-408C-A945-9BD2A258B7A3}
	EndGlobalSection
EndGlobal
